// !$*UTF8*$!
{
	archiveVersion = 1;
	classes = {
	};
	objectVersion = 46;
	objects = {

/* Begin PBXBuildFile section */
		1231391BE7624F659BEC0D7B /* SofiaPro-BoldItalic.otf in Resources */ = {isa = PBXBuildFile; fileRef = CB936AD244F44186A693B248 /* SofiaPro-BoldItalic.otf */; };
		1248F084640446438BF0F81F /* SofiaPro-Medium.otf in Resources */ = {isa = PBXBuildFile; fileRef = 3C0DF15CAE1A4D909802AA2D /* SofiaPro-Medium.otf */; };
		12C60D9BB843491BABA5D53F /* SofiaPro-ExtraLight.otf in Resources */ = {isa = PBXBuildFile; fileRef = EF66B2A727B6429DA170BED6 /* SofiaPro-ExtraLight.otf */; };
		13B07FBC1A68108700A75B9A /* AppDelegate.m in Sources */ = {isa = PBXBuildFile; fileRef = 13B07FB01A68108700A75B9A /* AppDelegate.m */; };
		13B07FBD1A68108700A75B9A /* LaunchScreen.xib in Resources */ = {isa = PBXBuildFile; fileRef = 13B07FB11A68108700A75B9A /* LaunchScreen.xib */; };
		13B07FBF1A68108700A75B9A /* Images.xcassets in Resources */ = {isa = PBXBuildFile; fileRef = 13B07FB51A68108700A75B9A /* Images.xcassets */; };
		13B07FC11A68108700A75B9A /* main.m in Sources */ = {isa = PBXBuildFile; fileRef = 13B07FB71A68108700A75B9A /* main.m */; };
		2D92394C7490E5978C04CBF9 /* libPods-MobileClient.a in Frameworks */ = {isa = PBXBuildFile; fileRef = C59B36522BE228A4F7F08E15 /* libPods-MobileClient.a */; };
		2F9814B235C9431DBC51EE56 /* SofiaPro-SemiBold.otf in Resources */ = {isa = PBXBuildFile; fileRef = EF723457A6504E1A8ED10496 /* SofiaPro-SemiBold.otf */; };
		33656C1B61444BC7B892C051 /* SofiaPro-Light.otf in Resources */ = {isa = PBXBuildFile; fileRef = F68C866D797F422D93212180 /* SofiaPro-Light.otf */; };
		390CC9CB5D844361AD8AD996 /* SofiaProExtraLight-Italic.otf in Resources */ = {isa = PBXBuildFile; fileRef = 7082A2158C5E4A088D99C789 /* SofiaProExtraLight-Italic.otf */; };
		3A50952CC71E4AF1828D308B /* SofiaPro-Black.otf in Resources */ = {isa = PBXBuildFile; fileRef = B1ECF965D50D42DCAE906668 /* SofiaPro-Black.otf */; };
		3C081DF4E316432387AC173E /* SofiaProRegular.otf in Resources */ = {isa = PBXBuildFile; fileRef = AE26F35DB780481D8F680BD2 /* SofiaProRegular.otf */; };
		41A318B6B7FB42CC910EA114 /* SofiaPro-Italic.otf in Resources */ = {isa = PBXBuildFile; fileRef = 5B6FD3170B1F40B19B1CF36D /* SofiaPro-Italic.otf */; };
		4FF0AB62E02C42799E81632E /* SofiaPro-UltraLightItalic.otf in Resources */ = {isa = PBXBuildFile; fileRef = 69CBF9BCAF35452D99459C33 /* SofiaPro-UltraLightItalic.otf */; };
		7DF26288A86F470481CF4409 /* SofiaPro-UltraLight.otf in Resources */ = {isa = PBXBuildFile; fileRef = 57B15C71F3384EECAFA5AF0C /* SofiaPro-UltraLight.otf */; };
		9AC6DDE1DCE24F7B83676FA2 /* SofiaPro-BlackItalic.otf in Resources */ = {isa = PBXBuildFile; fileRef = 823D9B8BEA264286B2C78FF0 /* SofiaPro-BlackItalic.otf */; };
		A655E11FD0AA42139D6B2D86 /* SofiaPro-MediumItalic.otf in Resources */ = {isa = PBXBuildFile; fileRef = 989684AF8CF14CF0A5AF72DF /* SofiaPro-MediumItalic.otf */; };
		C04D3260B317424E945D48B9 /* SofiaPro-SemiBoldItalic.otf in Resources */ = {isa = PBXBuildFile; fileRef = 0FB58B6B73D8458E816AA5AB /* SofiaPro-SemiBoldItalic.otf */; };
		CA0952B833D54744BBA9E419 /* SofiaPro-LightItalic.otf in Resources */ = {isa = PBXBuildFile; fileRef = DA04979133FC410A9AB13E1A /* SofiaPro-LightItalic.otf */; };
		DABD66F143BD44E18EB1123F /* SofiaPro-Bold.otf in Resources */ = {isa = PBXBuildFile; fileRef = 4507C77BAB6841B3A34A86B6 /* SofiaPro-Bold.otf */; };
/* End PBXBuildFile section */

/* Begin PBXFileReference section */
		008F07F21AC5B25A0029DE68 /* main.jsbundle */ = {isa = PBXFileReference; fileEncoding = 4; lastKnownFileType = text; path = main.jsbundle; sourceTree = "<group>"; };
		00E356F11AD99517003FC87E /* Info.plist */ = {isa = PBXFileReference; lastKnownFileType = text.plist.xml; path = Info.plist; sourceTree = "<group>"; };
		00E356F21AD99517003FC87E /* MobileClientTests.m */ = {isa = PBXFileReference; lastKnownFileType = sourcecode.c.objc; path = MobileClientTests.m; sourceTree = "<group>"; };
		09326526CA07F51BE532FBD2 /* Pods-MobileClient-tvOSTests.release.xcconfig */ = {isa = PBXFileReference; includeInIndex = 1; lastKnownFileType = text.xcconfig; name = "Pods-MobileClient-tvOSTests.release.xcconfig"; path = "Target Support Files/Pods-MobileClient-tvOSTests/Pods-MobileClient-tvOSTests.release.xcconfig"; sourceTree = "<group>"; };
		09471E8C302B406FA215FC0E /* Pods-MobileClient.debug.xcconfig */ = {isa = PBXFileReference; includeInIndex = 1; lastKnownFileType = text.xcconfig; name = "Pods-MobileClient.debug.xcconfig"; path = "Target Support Files/Pods-MobileClient/Pods-MobileClient.debug.xcconfig"; sourceTree = "<group>"; };
		0FB58B6B73D8458E816AA5AB /* SofiaPro-SemiBoldItalic.otf */ = {isa = PBXFileReference; explicitFileType = undefined; fileEncoding = 9; includeInIndex = 0; lastKnownFileType = unknown; name = "SofiaPro-SemiBoldItalic.otf"; path = "../assets/fonts/SofiaPro-SemiBoldItalic.otf"; sourceTree = "<group>"; };
		13B07F961A680F5B00A75B9A /* MobileClient.app */ = {isa = PBXFileReference; explicitFileType = wrapper.application; includeInIndex = 0; path = MobileClient.app; sourceTree = BUILT_PRODUCTS_DIR; };
		13B07FAF1A68108700A75B9A /* AppDelegate.h */ = {isa = PBXFileReference; fileEncoding = 4; lastKnownFileType = sourcecode.c.h; name = AppDelegate.h; path = MobileClient/AppDelegate.h; sourceTree = "<group>"; };
		13B07FB01A68108700A75B9A /* AppDelegate.m */ = {isa = PBXFileReference; fileEncoding = 4; lastKnownFileType = sourcecode.c.objc; name = AppDelegate.m; path = MobileClient/AppDelegate.m; sourceTree = "<group>"; };
		13B07FB21A68108700A75B9A /* Base */ = {isa = PBXFileReference; lastKnownFileType = file.xib; name = Base; path = Base.lproj/LaunchScreen.xib; sourceTree = "<group>"; };
		13B07FB51A68108700A75B9A /* Images.xcassets */ = {isa = PBXFileReference; lastKnownFileType = folder.assetcatalog; name = Images.xcassets; path = MobileClient/Images.xcassets; sourceTree = "<group>"; };
		13B07FB61A68108700A75B9A /* Info.plist */ = {isa = PBXFileReference; fileEncoding = 4; lastKnownFileType = text.plist.xml; name = Info.plist; path = MobileClient/Info.plist; sourceTree = "<group>"; };
		13B07FB71A68108700A75B9A /* main.m */ = {isa = PBXFileReference; fileEncoding = 4; lastKnownFileType = sourcecode.c.objc; name = main.m; path = MobileClient/main.m; sourceTree = "<group>"; };
		3C0DF15CAE1A4D909802AA2D /* SofiaPro-Medium.otf */ = {isa = PBXFileReference; explicitFileType = undefined; fileEncoding = 9; includeInIndex = 0; lastKnownFileType = unknown; name = "SofiaPro-Medium.otf"; path = "../assets/fonts/SofiaPro-Medium.otf"; sourceTree = "<group>"; };
		4507C77BAB6841B3A34A86B6 /* SofiaPro-Bold.otf */ = {isa = PBXFileReference; explicitFileType = undefined; fileEncoding = 9; includeInIndex = 0; lastKnownFileType = unknown; name = "SofiaPro-Bold.otf"; path = "../assets/fonts/SofiaPro-Bold.otf"; sourceTree = "<group>"; };
		57B15C71F3384EECAFA5AF0C /* SofiaPro-UltraLight.otf */ = {isa = PBXFileReference; explicitFileType = undefined; fileEncoding = 9; includeInIndex = 0; lastKnownFileType = unknown; name = "SofiaPro-UltraLight.otf"; path = "../assets/fonts/SofiaPro-UltraLight.otf"; sourceTree = "<group>"; };
		5B6FD3170B1F40B19B1CF36D /* SofiaPro-Italic.otf */ = {isa = PBXFileReference; explicitFileType = undefined; fileEncoding = 9; includeInIndex = 0; lastKnownFileType = unknown; name = "SofiaPro-Italic.otf"; path = "../assets/fonts/SofiaPro-Italic.otf"; sourceTree = "<group>"; };
		631107701CCD77ECF429B9C0 /* libPods-MobileClient-MobileClientTests.a */ = {isa = PBXFileReference; explicitFileType = archive.ar; includeInIndex = 0; path = "libPods-MobileClient-MobileClientTests.a"; sourceTree = BUILT_PRODUCTS_DIR; };
		69CBF9BCAF35452D99459C33 /* SofiaPro-UltraLightItalic.otf */ = {isa = PBXFileReference; explicitFileType = undefined; fileEncoding = 9; includeInIndex = 0; lastKnownFileType = unknown; name = "SofiaPro-UltraLightItalic.otf"; path = "../assets/fonts/SofiaPro-UltraLightItalic.otf"; sourceTree = "<group>"; };
		7082A2158C5E4A088D99C789 /* SofiaProExtraLight-Italic.otf */ = {isa = PBXFileReference; explicitFileType = undefined; fileEncoding = 9; includeInIndex = 0; lastKnownFileType = unknown; name = "SofiaProExtraLight-Italic.otf"; path = "../assets/fonts/SofiaProExtraLight-Italic.otf"; sourceTree = "<group>"; };
		823D9B8BEA264286B2C78FF0 /* SofiaPro-BlackItalic.otf */ = {isa = PBXFileReference; explicitFileType = undefined; fileEncoding = 9; includeInIndex = 0; lastKnownFileType = unknown; name = "SofiaPro-BlackItalic.otf"; path = "../assets/fonts/SofiaPro-BlackItalic.otf"; sourceTree = "<group>"; };
		8567F736B0B715C0D60ABD9D /* Pods-MobileClient.release.xcconfig */ = {isa = PBXFileReference; includeInIndex = 1; lastKnownFileType = text.xcconfig; name = "Pods-MobileClient.release.xcconfig"; path = "Target Support Files/Pods-MobileClient/Pods-MobileClient.release.xcconfig"; sourceTree = "<group>"; };
		955734910351C47E58676F48 /* Pods-MobileClient-MobileClientTests.release.xcconfig */ = {isa = PBXFileReference; includeInIndex = 1; lastKnownFileType = text.xcconfig; name = "Pods-MobileClient-MobileClientTests.release.xcconfig"; path = "Target Support Files/Pods-MobileClient-MobileClientTests/Pods-MobileClient-MobileClientTests.release.xcconfig"; sourceTree = "<group>"; };
		989684AF8CF14CF0A5AF72DF /* SofiaPro-MediumItalic.otf */ = {isa = PBXFileReference; explicitFileType = undefined; fileEncoding = 9; includeInIndex = 0; lastKnownFileType = unknown; name = "SofiaPro-MediumItalic.otf"; path = "../assets/fonts/SofiaPro-MediumItalic.otf"; sourceTree = "<group>"; };
		992CFACC91C5452A869AB49E /* libPods-MobileClient-tvOS.a */ = {isa = PBXFileReference; explicitFileType = archive.ar; includeInIndex = 0; path = "libPods-MobileClient-tvOS.a"; sourceTree = BUILT_PRODUCTS_DIR; };
		A0ADCD09CF7A6624518B3360 /* Pods-MobileClient-tvOSTests.debug.xcconfig */ = {isa = PBXFileReference; includeInIndex = 1; lastKnownFileType = text.xcconfig; name = "Pods-MobileClient-tvOSTests.debug.xcconfig"; path = "Target Support Files/Pods-MobileClient-tvOSTests/Pods-MobileClient-tvOSTests.debug.xcconfig"; sourceTree = "<group>"; };
		A7B692A10CCA1902896540A2 /* Pods-MobileClient-tvOS.debug.xcconfig */ = {isa = PBXFileReference; includeInIndex = 1; lastKnownFileType = text.xcconfig; name = "Pods-MobileClient-tvOS.debug.xcconfig"; path = "Target Support Files/Pods-MobileClient-tvOS/Pods-MobileClient-tvOS.debug.xcconfig"; sourceTree = "<group>"; };
		ACC5D06F4A23CC86A67E01B0 /* libPods-MobileClient-tvOSTests.a */ = {isa = PBXFileReference; explicitFileType = archive.ar; includeInIndex = 0; path = "libPods-MobileClient-tvOSTests.a"; sourceTree = BUILT_PRODUCTS_DIR; };
		AE26F35DB780481D8F680BD2 /* SofiaProRegular.otf */ = {isa = PBXFileReference; explicitFileType = undefined; fileEncoding = 9; includeInIndex = 0; lastKnownFileType = unknown; name = SofiaProRegular.otf; path = ../assets/fonts/SofiaProRegular.otf; sourceTree = "<group>"; };
		B1ECF965D50D42DCAE906668 /* SofiaPro-Black.otf */ = {isa = PBXFileReference; explicitFileType = undefined; fileEncoding = 9; includeInIndex = 0; lastKnownFileType = unknown; name = "SofiaPro-Black.otf"; path = "../assets/fonts/SofiaPro-Black.otf"; sourceTree = "<group>"; };
		C59B36522BE228A4F7F08E15 /* libPods-MobileClient.a */ = {isa = PBXFileReference; explicitFileType = archive.ar; includeInIndex = 0; path = "libPods-MobileClient.a"; sourceTree = BUILT_PRODUCTS_DIR; };
		CB936AD244F44186A693B248 /* SofiaPro-BoldItalic.otf */ = {isa = PBXFileReference; explicitFileType = undefined; fileEncoding = 9; includeInIndex = 0; lastKnownFileType = unknown; name = "SofiaPro-BoldItalic.otf"; path = "../assets/fonts/SofiaPro-BoldItalic.otf"; sourceTree = "<group>"; };
		CF3263C42F440B83C47DFE03 /* Pods-MobileClient-MobileClientTests.debug.xcconfig */ = {isa = PBXFileReference; includeInIndex = 1; lastKnownFileType = text.xcconfig; name = "Pods-MobileClient-MobileClientTests.debug.xcconfig"; path = "Target Support Files/Pods-MobileClient-MobileClientTests/Pods-MobileClient-MobileClientTests.debug.xcconfig"; sourceTree = "<group>"; };
		DA04979133FC410A9AB13E1A /* SofiaPro-LightItalic.otf */ = {isa = PBXFileReference; explicitFileType = undefined; fileEncoding = 9; includeInIndex = 0; lastKnownFileType = unknown; name = "SofiaPro-LightItalic.otf"; path = "../assets/fonts/SofiaPro-LightItalic.otf"; sourceTree = "<group>"; };
		DE89C3E637439E776B884A7C /* Pods-MobileClient-tvOS.release.xcconfig */ = {isa = PBXFileReference; includeInIndex = 1; lastKnownFileType = text.xcconfig; name = "Pods-MobileClient-tvOS.release.xcconfig"; path = "Target Support Files/Pods-MobileClient-tvOS/Pods-MobileClient-tvOS.release.xcconfig"; sourceTree = "<group>"; };
		ED297162215061F000B7C4FE /* JavaScriptCore.framework */ = {isa = PBXFileReference; lastKnownFileType = wrapper.framework; name = JavaScriptCore.framework; path = System/Library/Frameworks/JavaScriptCore.framework; sourceTree = SDKROOT; };
		ED2971642150620600B7C4FE /* JavaScriptCore.framework */ = {isa = PBXFileReference; lastKnownFileType = wrapper.framework; name = JavaScriptCore.framework; path = Platforms/AppleTVOS.platform/Developer/SDKs/AppleTVOS12.0.sdk/System/Library/Frameworks/JavaScriptCore.framework; sourceTree = DEVELOPER_DIR; };
		EF66B2A727B6429DA170BED6 /* SofiaPro-ExtraLight.otf */ = {isa = PBXFileReference; explicitFileType = undefined; fileEncoding = 9; includeInIndex = 0; lastKnownFileType = unknown; name = "SofiaPro-ExtraLight.otf"; path = "../assets/fonts/SofiaPro-ExtraLight.otf"; sourceTree = "<group>"; };
		EF723457A6504E1A8ED10496 /* SofiaPro-SemiBold.otf */ = {isa = PBXFileReference; explicitFileType = undefined; fileEncoding = 9; includeInIndex = 0; lastKnownFileType = unknown; name = "SofiaPro-SemiBold.otf"; path = "../assets/fonts/SofiaPro-SemiBold.otf"; sourceTree = "<group>"; };
		F68C866D797F422D93212180 /* SofiaPro-Light.otf */ = {isa = PBXFileReference; explicitFileType = undefined; fileEncoding = 9; includeInIndex = 0; lastKnownFileType = unknown; name = "SofiaPro-Light.otf"; path = "../assets/fonts/SofiaPro-Light.otf"; sourceTree = "<group>"; };
/* End PBXFileReference section */

/* Begin PBXFrameworksBuildPhase section */
		13B07F8C1A680F5B00A75B9A /* Frameworks */ = {
			isa = PBXFrameworksBuildPhase;
			buildActionMask = 2147483647;
			files = (
				2D92394C7490E5978C04CBF9 /* libPods-MobileClient.a in Frameworks */,
			);
			runOnlyForDeploymentPostprocessing = 0;
		};
/* End PBXFrameworksBuildPhase section */

/* Begin PBXGroup section */
		00E356EF1AD99517003FC87E /* MobileClientTests */ = {
			isa = PBXGroup;
			children = (
				00E356F21AD99517003FC87E /* MobileClientTests.m */,
				00E356F01AD99517003FC87E /* Supporting Files */,
			);
			path = MobileClientTests;
			sourceTree = "<group>";
		};
		00E356F01AD99517003FC87E /* Supporting Files */ = {
			isa = PBXGroup;
			children = (
				00E356F11AD99517003FC87E /* Info.plist */,
			);
			name = "Supporting Files";
			sourceTree = "<group>";
		};
		13B07FAE1A68108700A75B9A /* MobileClient */ = {
			isa = PBXGroup;
			children = (
				008F07F21AC5B25A0029DE68 /* main.jsbundle */,
				13B07FAF1A68108700A75B9A /* AppDelegate.h */,
				13B07FB01A68108700A75B9A /* AppDelegate.m */,
				13B07FB51A68108700A75B9A /* Images.xcassets */,
				13B07FB61A68108700A75B9A /* Info.plist */,
				13B07FB11A68108700A75B9A /* LaunchScreen.xib */,
				13B07FB71A68108700A75B9A /* main.m */,
			);
			name = MobileClient;
			sourceTree = "<group>";
		};
		20837EC212DF434AA793244F /* Resources */ = {
			isa = PBXGroup;
			children = (
				B1ECF965D50D42DCAE906668 /* SofiaPro-Black.otf */,
				823D9B8BEA264286B2C78FF0 /* SofiaPro-BlackItalic.otf */,
				4507C77BAB6841B3A34A86B6 /* SofiaPro-Bold.otf */,
				CB936AD244F44186A693B248 /* SofiaPro-BoldItalic.otf */,
				EF66B2A727B6429DA170BED6 /* SofiaPro-ExtraLight.otf */,
				5B6FD3170B1F40B19B1CF36D /* SofiaPro-Italic.otf */,
				F68C866D797F422D93212180 /* SofiaPro-Light.otf */,
				DA04979133FC410A9AB13E1A /* SofiaPro-LightItalic.otf */,
				3C0DF15CAE1A4D909802AA2D /* SofiaPro-Medium.otf */,
				989684AF8CF14CF0A5AF72DF /* SofiaPro-MediumItalic.otf */,
				EF723457A6504E1A8ED10496 /* SofiaPro-SemiBold.otf */,
				0FB58B6B73D8458E816AA5AB /* SofiaPro-SemiBoldItalic.otf */,
				57B15C71F3384EECAFA5AF0C /* SofiaPro-UltraLight.otf */,
				69CBF9BCAF35452D99459C33 /* SofiaPro-UltraLightItalic.otf */,
				7082A2158C5E4A088D99C789 /* SofiaProExtraLight-Italic.otf */,
				AE26F35DB780481D8F680BD2 /* SofiaProRegular.otf */,
			);
			name = Resources;
			sourceTree = "<group>";
		};
		2D16E6871FA4F8E400B85C8A /* Frameworks */ = {
			isa = PBXGroup;
			children = (
				ED297162215061F000B7C4FE /* JavaScriptCore.framework */,
				ED2971642150620600B7C4FE /* JavaScriptCore.framework */,
				C59B36522BE228A4F7F08E15 /* libPods-MobileClient.a */,
				631107701CCD77ECF429B9C0 /* libPods-MobileClient-MobileClientTests.a */,
				992CFACC91C5452A869AB49E /* libPods-MobileClient-tvOS.a */,
				ACC5D06F4A23CC86A67E01B0 /* libPods-MobileClient-tvOSTests.a */,
			);
			name = Frameworks;
			sourceTree = "<group>";
		};
		832341AE1AAA6A7D00B99B32 /* Libraries */ = {
			isa = PBXGroup;
			children = (
			);
			name = Libraries;
			sourceTree = "<group>";
		};
		83CBB9F61A601CBA00E9B192 = {
			isa = PBXGroup;
			children = (
				13B07FAE1A68108700A75B9A /* MobileClient */,
				832341AE1AAA6A7D00B99B32 /* Libraries */,
				00E356EF1AD99517003FC87E /* MobileClientTests */,
				83CBBA001A601CBA00E9B192 /* Products */,
				2D16E6871FA4F8E400B85C8A /* Frameworks */,
				BFA30F86F73C6539F4C3DDE9 /* Pods */,
				20837EC212DF434AA793244F /* Resources */,
			);
			indentWidth = 2;
			sourceTree = "<group>";
			tabWidth = 2;
			usesTabs = 0;
		};
		83CBBA001A601CBA00E9B192 /* Products */ = {
			isa = PBXGroup;
			children = (
				13B07F961A680F5B00A75B9A /* MobileClient.app */,
			);
			name = Products;
			sourceTree = "<group>";
		};
		BFA30F86F73C6539F4C3DDE9 /* Pods */ = {
			isa = PBXGroup;
			children = (
				09471E8C302B406FA215FC0E /* Pods-MobileClient.debug.xcconfig */,
				8567F736B0B715C0D60ABD9D /* Pods-MobileClient.release.xcconfig */,
				CF3263C42F440B83C47DFE03 /* Pods-MobileClient-MobileClientTests.debug.xcconfig */,
				955734910351C47E58676F48 /* Pods-MobileClient-MobileClientTests.release.xcconfig */,
				A7B692A10CCA1902896540A2 /* Pods-MobileClient-tvOS.debug.xcconfig */,
				DE89C3E637439E776B884A7C /* Pods-MobileClient-tvOS.release.xcconfig */,
				A0ADCD09CF7A6624518B3360 /* Pods-MobileClient-tvOSTests.debug.xcconfig */,
				09326526CA07F51BE532FBD2 /* Pods-MobileClient-tvOSTests.release.xcconfig */,
			);
			path = Pods;
			sourceTree = "<group>";
		};
/* End PBXGroup section */

/* Begin PBXNativeTarget section */
		13B07F861A680F5B00A75B9A /* MobileClient */ = {
			isa = PBXNativeTarget;
			buildConfigurationList = 13B07F931A680F5B00A75B9A /* Build configuration list for PBXNativeTarget "MobileClient" */;
			buildPhases = (
				2B17480DF5CE616E9D027120 /* [CP] Check Pods Manifest.lock */,
				FD10A7F022414F080027D42C /* Start Packager */,
				13B07F871A680F5B00A75B9A /* Sources */,
				13B07F8C1A680F5B00A75B9A /* Frameworks */,
				13B07F8E1A680F5B00A75B9A /* Resources */,
				00DD1BFF1BD5951E006B06BC /* Bundle React Native code and images */,
			);
			buildRules = (
			);
			dependencies = (
			);
			name = MobileClient;
			productName = MobileClient;
			productReference = 13B07F961A680F5B00A75B9A /* MobileClient.app */;
			productType = "com.apple.product-type.application";
		};
/* End PBXNativeTarget section */

/* Begin PBXProject section */
		83CBB9F71A601CBA00E9B192 /* Project object */ = {
			isa = PBXProject;
			attributes = {
				LastUpgradeCheck = 1130;
				TargetAttributes = {
					13B07F861A680F5B00A75B9A = {
						DevelopmentTeam = 36HHSH6BD2;
						LastSwiftMigration = 1120;
					};
				};
			};
			buildConfigurationList = 83CBB9FA1A601CBA00E9B192 /* Build configuration list for PBXProject "MobileClient" */;
			compatibilityVersion = "Xcode 3.2";
			developmentRegion = en;
			hasScannedForEncodings = 0;
			knownRegions = (
				en,
				Base,
			);
			mainGroup = 83CBB9F61A601CBA00E9B192;
			productRefGroup = 83CBBA001A601CBA00E9B192 /* Products */;
			projectDirPath = "";
			projectRoot = "";
			targets = (
				13B07F861A680F5B00A75B9A /* MobileClient */,
			);
		};
/* End PBXProject section */

/* Begin PBXResourcesBuildPhase section */
		13B07F8E1A680F5B00A75B9A /* Resources */ = {
			isa = PBXResourcesBuildPhase;
			buildActionMask = 2147483647;
			files = (
				13B07FBF1A68108700A75B9A /* Images.xcassets in Resources */,
				13B07FBD1A68108700A75B9A /* LaunchScreen.xib in Resources */,
				3A50952CC71E4AF1828D308B /* SofiaPro-Black.otf in Resources */,
				9AC6DDE1DCE24F7B83676FA2 /* SofiaPro-BlackItalic.otf in Resources */,
				DABD66F143BD44E18EB1123F /* SofiaPro-Bold.otf in Resources */,
				1231391BE7624F659BEC0D7B /* SofiaPro-BoldItalic.otf in Resources */,
				12C60D9BB843491BABA5D53F /* SofiaPro-ExtraLight.otf in Resources */,
				41A318B6B7FB42CC910EA114 /* SofiaPro-Italic.otf in Resources */,
				33656C1B61444BC7B892C051 /* SofiaPro-Light.otf in Resources */,
				CA0952B833D54744BBA9E419 /* SofiaPro-LightItalic.otf in Resources */,
				1248F084640446438BF0F81F /* SofiaPro-Medium.otf in Resources */,
				A655E11FD0AA42139D6B2D86 /* SofiaPro-MediumItalic.otf in Resources */,
				2F9814B235C9431DBC51EE56 /* SofiaPro-SemiBold.otf in Resources */,
				C04D3260B317424E945D48B9 /* SofiaPro-SemiBoldItalic.otf in Resources */,
				7DF26288A86F470481CF4409 /* SofiaPro-UltraLight.otf in Resources */,
				4FF0AB62E02C42799E81632E /* SofiaPro-UltraLightItalic.otf in Resources */,
				390CC9CB5D844361AD8AD996 /* SofiaProExtraLight-Italic.otf in Resources */,
				3C081DF4E316432387AC173E /* SofiaProRegular.otf in Resources */,
			);
			runOnlyForDeploymentPostprocessing = 0;
		};
/* End PBXResourcesBuildPhase section */

/* Begin PBXShellScriptBuildPhase section */
		00DD1BFF1BD5951E006B06BC /* Bundle React Native code and images */ = {
			isa = PBXShellScriptBuildPhase;
			buildActionMask = 2147483647;
			files = (
			);
			inputPaths = (
			);
			name = "Bundle React Native code and images";
			outputPaths = (
			);
			runOnlyForDeploymentPostprocessing = 0;
			shellPath = /bin/sh;
			shellScript = "export NODE_BINARY=node\n../node_modules/react-native/scripts/react-native-xcode.sh";
		};
		2B17480DF5CE616E9D027120 /* [CP] Check Pods Manifest.lock */ = {
			isa = PBXShellScriptBuildPhase;
			buildActionMask = 2147483647;
			files = (
			);
			inputFileListPaths = (
			);
			inputPaths = (
				"${PODS_PODFILE_DIR_PATH}/Podfile.lock",
				"${PODS_ROOT}/Manifest.lock",
			);
			name = "[CP] Check Pods Manifest.lock";
			outputFileListPaths = (
			);
			outputPaths = (
				"$(DERIVED_FILE_DIR)/Pods-MobileClient-checkManifestLockResult.txt",
			);
			runOnlyForDeploymentPostprocessing = 0;
			shellPath = /bin/sh;
			shellScript = "diff \"${PODS_PODFILE_DIR_PATH}/Podfile.lock\" \"${PODS_ROOT}/Manifest.lock\" > /dev/null\nif [ $? != 0 ] ; then\n    # print error to STDERR\n    echo \"error: The sandbox is not in sync with the Podfile.lock. Run 'pod install' or update your CocoaPods installation.\" >&2\n    exit 1\nfi\n# This output is used by Xcode 'outputs' to avoid re-running this script phase.\necho \"SUCCESS\" > \"${SCRIPT_OUTPUT_FILE_0}\"\n";
			showEnvVarsInLog = 0;
		};
		FD10A7F022414F080027D42C /* Start Packager */ = {
			isa = PBXShellScriptBuildPhase;
			buildActionMask = 2147483647;
			files = (
			);
			inputFileListPaths = (
			);
			inputPaths = (
			);
			name = "Start Packager";
			outputFileListPaths = (
			);
			outputPaths = (
			);
			runOnlyForDeploymentPostprocessing = 0;
			shellPath = /bin/sh;
			shellScript = "export RCT_METRO_PORT=\"${RCT_METRO_PORT:=8081}\"\necho \"export RCT_METRO_PORT=${RCT_METRO_PORT}\" > \"${SRCROOT}/../node_modules/react-native/scripts/.packager.env\"\nif [ -z \"${RCT_NO_LAUNCH_PACKAGER+xxx}\" ] ; then\n  if nc -w 5 -z localhost ${RCT_METRO_PORT} ; then\n    if ! curl -s \"http://localhost:${RCT_METRO_PORT}/status\" | grep -q \"packager-status:running\" ; then\n      echo \"Port ${RCT_METRO_PORT} already in use, packager is either not running or not running correctly\"\n      exit 2\n    fi\n  else\n    open \"$SRCROOT/../node_modules/react-native/scripts/launchPackager.command\" || echo \"Can't start packager automatically\"\n  fi\nfi\n";
			showEnvVarsInLog = 0;
		};
/* End PBXShellScriptBuildPhase section */

/* Begin PBXSourcesBuildPhase section */
		13B07F871A680F5B00A75B9A /* Sources */ = {
			isa = PBXSourcesBuildPhase;
			buildActionMask = 2147483647;
			files = (
				13B07FBC1A68108700A75B9A /* AppDelegate.m in Sources */,
				13B07FC11A68108700A75B9A /* main.m in Sources */,
			);
			runOnlyForDeploymentPostprocessing = 0;
		};
/* End PBXSourcesBuildPhase section */

/* Begin PBXVariantGroup section */
		13B07FB11A68108700A75B9A /* LaunchScreen.xib */ = {
			isa = PBXVariantGroup;
			children = (
				13B07FB21A68108700A75B9A /* Base */,
			);
			name = LaunchScreen.xib;
			path = MobileClient;
			sourceTree = "<group>";
		};
/* End PBXVariantGroup section */

/* Begin XCBuildConfiguration section */
		13B07F941A680F5B00A75B9A /* Debug */ = {
			isa = XCBuildConfiguration;
			baseConfigurationReference = 09471E8C302B406FA215FC0E /* Pods-MobileClient.debug.xcconfig */;
			buildSettings = {
				ASSETCATALOG_COMPILER_APPICON_NAME = AppIcon;
				CLANG_ENABLE_MODULES = YES;
				CURRENT_PROJECT_VERSION = 1;
				DEVELOPMENT_TEAM = 36HHSH6BD2;
				ENABLE_BITCODE = NO;
				GCC_PREPROCESSOR_DEFINITIONS = (
					"$(inherited)",
					"FB_SONARKIT_ENABLED=1",
				);
				INFOPLIST_FILE = MobileClient/Info.plist;
				LD_RUNPATH_SEARCH_PATHS = "$(inherited) @executable_path/Frameworks";
				OTHER_LDFLAGS = (
					"$(inherited)",
					"-ObjC",
					"-lc++",
				);
				PRODUCT_BUNDLE_IDENTIFIER = "org.reactjs.native.example.$(PRODUCT_NAME:rfc1034identifier)";
				PRODUCT_NAME = MobileClient;
				SWIFT_OPTIMIZATION_LEVEL = "-Onone";
				SWIFT_VERSION = 5.0;
				VERSIONING_SYSTEM = "apple-generic";
			};
			name = Debug;
		};
		13B07F951A680F5B00A75B9A /* Release */ = {
			isa = XCBuildConfiguration;
			baseConfigurationReference = 8567F736B0B715C0D60ABD9D /* Pods-MobileClient.release.xcconfig */;
			buildSettings = {
				ASSETCATALOG_COMPILER_APPICON_NAME = AppIcon;
				CLANG_ENABLE_MODULES = YES;
				CURRENT_PROJECT_VERSION = 1;
				DEVELOPMENT_TEAM = 36HHSH6BD2;
				INFOPLIST_FILE = MobileClient/Info.plist;
				LD_RUNPATH_SEARCH_PATHS = "$(inherited) @executable_path/Frameworks";
				OTHER_LDFLAGS = (
					"$(inherited)",
					"-ObjC",
					"-lc++",
				);
				PRODUCT_BUNDLE_IDENTIFIER = "org.reactjs.native.example.$(PRODUCT_NAME:rfc1034identifier)";
				PRODUCT_NAME = MobileClient;
				SWIFT_VERSION = 5.0;
				VERSIONING_SYSTEM = "apple-generic";
			};
			name = Release;
		};
		83CBBA201A601CBA00E9B192 /* Debug */ = {
			isa = XCBuildConfiguration;
			buildSettings = {
				ALWAYS_SEARCH_USER_PATHS = NO;
				CLANG_ANALYZER_LOCALIZABILITY_NONLOCALIZED = YES;
				CLANG_CXX_LANGUAGE_STANDARD = "gnu++0x";
				CLANG_CXX_LIBRARY = "libc++";
				CLANG_ENABLE_MODULES = YES;
				CLANG_ENABLE_OBJC_ARC = YES;
				CLANG_WARN_BLOCK_CAPTURE_AUTORELEASING = YES;
				CLANG_WARN_BOOL_CONVERSION = YES;
				CLANG_WARN_COMMA = YES;
				CLANG_WARN_CONSTANT_CONVERSION = YES;
				CLANG_WARN_DEPRECATED_OBJC_IMPLEMENTATIONS = YES;
				CLANG_WARN_DIRECT_OBJC_ISA_USAGE = YES_ERROR;
				CLANG_WARN_EMPTY_BODY = YES;
				CLANG_WARN_ENUM_CONVERSION = YES;
				CLANG_WARN_INFINITE_RECURSION = YES;
				CLANG_WARN_INT_CONVERSION = YES;
				CLANG_WARN_NON_LITERAL_NULL_CONVERSION = YES;
				CLANG_WARN_OBJC_IMPLICIT_RETAIN_SELF = YES;
				CLANG_WARN_OBJC_LITERAL_CONVERSION = YES;
				CLANG_WARN_OBJC_ROOT_CLASS = YES_ERROR;
				CLANG_WARN_RANGE_LOOP_ANALYSIS = YES;
				CLANG_WARN_STRICT_PROTOTYPES = YES;
				CLANG_WARN_SUSPICIOUS_MOVE = YES;
				CLANG_WARN_UNREACHABLE_CODE = YES;
				CLANG_WARN__DUPLICATE_METHOD_MATCH = YES;
				"CODE_SIGN_IDENTITY[sdk=iphoneos*]" = "iPhone Developer";
				COPY_PHASE_STRIP = NO;
				ENABLE_STRICT_OBJC_MSGSEND = YES;
				ENABLE_TESTABILITY = YES;
				GCC_C_LANGUAGE_STANDARD = gnu99;
				GCC_DYNAMIC_NO_PIC = NO;
				GCC_NO_COMMON_BLOCKS = YES;
				GCC_OPTIMIZATION_LEVEL = 0;
				GCC_PREPROCESSOR_DEFINITIONS = (
					"DEBUG=1",
					"$(inherited)",
				);
				GCC_SYMBOLS_PRIVATE_EXTERN = NO;
				GCC_WARN_64_TO_32_BIT_CONVERSION = YES;
				GCC_WARN_ABOUT_RETURN_TYPE = YES_ERROR;
				GCC_WARN_UNDECLARED_SELECTOR = YES;
				GCC_WARN_UNINITIALIZED_AUTOS = YES_AGGRESSIVE;
				GCC_WARN_UNUSED_FUNCTION = YES;
				GCC_WARN_UNUSED_VARIABLE = YES;
				IPHONEOS_DEPLOYMENT_TARGET = 9.0;
				LD_RUNPATH_SEARCH_PATHS = "/usr/lib/swift $(inherited)";
				LIBRARY_SEARCH_PATHS = (
					"\"$(TOOLCHAIN_DIR)/usr/lib/swift/$(PLATFORM_NAME)\"",
					"\"$(TOOLCHAIN_DIR)/usr/lib/swift-5.0/$(PLATFORM_NAME)\"",
					"\"$(inherited)\"",
				);
				MTL_ENABLE_DEBUG_INFO = YES;
				ONLY_ACTIVE_ARCH = YES;
				SDKROOT = iphoneos;
			};
			name = Debug;
		};
		83CBBA211A601CBA00E9B192 /* Release */ = {
			isa = XCBuildConfiguration;
			buildSettings = {
				ALWAYS_SEARCH_USER_PATHS = NO;
				CLANG_ANALYZER_LOCALIZABILITY_NONLOCALIZED = YES;
				CLANG_CXX_LANGUAGE_STANDARD = "gnu++0x";
				CLANG_CXX_LIBRARY = "libc++";
				CLANG_ENABLE_MODULES = YES;
				CLANG_ENABLE_OBJC_ARC = YES;
				CLANG_WARN_BLOCK_CAPTURE_AUTORELEASING = YES;
				CLANG_WARN_BOOL_CONVERSION = YES;
				CLANG_WARN_COMMA = YES;
				CLANG_WARN_CONSTANT_CONVERSION = YES;
				CLANG_WARN_DEPRECATED_OBJC_IMPLEMENTATIONS = YES;
				CLANG_WARN_DIRECT_OBJC_ISA_USAGE = YES_ERROR;
				CLANG_WARN_EMPTY_BODY = YES;
				CLANG_WARN_ENUM_CONVERSION = YES;
				CLANG_WARN_INFINITE_RECURSION = YES;
				CLANG_WARN_INT_CONVERSION = YES;
				CLANG_WARN_NON_LITERAL_NULL_CONVERSION = YES;
				CLANG_WARN_OBJC_IMPLICIT_RETAIN_SELF = YES;
				CLANG_WARN_OBJC_LITERAL_CONVERSION = YES;
				CLANG_WARN_OBJC_ROOT_CLASS = YES_ERROR;
				CLANG_WARN_RANGE_LOOP_ANALYSIS = YES;
				CLANG_WARN_STRICT_PROTOTYPES = YES;
				CLANG_WARN_SUSPICIOUS_MOVE = YES;
				CLANG_WARN_UNREACHABLE_CODE = YES;
				CLANG_WARN__DUPLICATE_METHOD_MATCH = YES;
				"CODE_SIGN_IDENTITY[sdk=iphoneos*]" = "iPhone Developer";
				COPY_PHASE_STRIP = YES;
				ENABLE_NS_ASSERTIONS = NO;
				ENABLE_STRICT_OBJC_MSGSEND = YES;
				GCC_C_LANGUAGE_STANDARD = gnu99;
				GCC_NO_COMMON_BLOCKS = YES;
				GCC_WARN_64_TO_32_BIT_CONVERSION = YES;
				GCC_WARN_ABOUT_RETURN_TYPE = YES_ERROR;
				GCC_WARN_UNDECLARED_SELECTOR = YES;
				GCC_WARN_UNINITIALIZED_AUTOS = YES_AGGRESSIVE;
				GCC_WARN_UNUSED_FUNCTION = YES;
				GCC_WARN_UNUSED_VARIABLE = YES;
				IPHONEOS_DEPLOYMENT_TARGET = 9.0;
				LD_RUNPATH_SEARCH_PATHS = "/usr/lib/swift $(inherited)";
				LIBRARY_SEARCH_PATHS = (
					"\"$(TOOLCHAIN_DIR)/usr/lib/swift/$(PLATFORM_NAME)\"",
					"\"$(TOOLCHAIN_DIR)/usr/lib/swift-5.0/$(PLATFORM_NAME)\"",
					"\"$(inherited)\"",
				);
				MTL_ENABLE_DEBUG_INFO = NO;
				SDKROOT = iphoneos;
				VALIDATE_PRODUCT = YES;
			};
			name = Release;
		};
/* End XCBuildConfiguration section */

/* Begin XCConfigurationList section */
		13B07F931A680F5B00A75B9A /* Build configuration list for PBXNativeTarget "MobileClient" */ = {
			isa = XCConfigurationList;
			buildConfigurations = (
				13B07F941A680F5B00A75B9A /* Debug */,
				13B07F951A680F5B00A75B9A /* Release */,
			);
			defaultConfigurationIsVisible = 0;
			defaultConfigurationName = Release;
		};
		83CBB9FA1A601CBA00E9B192 /* Build configuration list for PBXProject "MobileClient" */ = {
			isa = XCConfigurationList;
			buildConfigurations = (
				83CBBA201A601CBA00E9B192 /* Debug */,
				83CBBA211A601CBA00E9B192 /* Release */,
			);
			defaultConfigurationIsVisible = 0;
			defaultConfigurationName = Release;
		};
/* End XCConfigurationList section */
	};
	rootObject = 83CBB9F71A601CBA00E9B192 /* Project object */;
}
